
Microsoft Visual Studio Solution File, Format Version 12.00
# Visual Studio Version 16
VisualStudioVersion = 16.0.809.1
MinimumVisualStudioVersion = 10.0.40219.1
Project("{FAE04EC0-301F-11D3-BF4B-00C04F79EFBC}") = "InsuranceClaim", "InsuranceClaim\InsuranceClaim.csproj", "{43B4B814-EB4A-4A77-9269-DDE48B5BCA15}"
EndProject
Global
	GlobalSection(SolutionConfigurationPlatforms) = preSolution
		Debug|Any CPU = Debug|Any CPU
		Release|Any CPU = Release|Any CPU
	EndGlobalSection
	GlobalSection(ProjectConfigurationPlatforms) = postSolution
		{43B4B814-EB4A-4A77-9269-DDE48B5BCA15}.Debug|Any CPU.ActiveCfg = Debug|Any CPU
		{43B4B814-EB4A-4A77-9269-DDE48B5BCA15}.Debug|Any CPU.Build.0 = Debug|Any CPU
		{43B4B814-EB4A-4A77-9269-DDE48B5BCA15}.Release|Any CPU.ActiveCfg = Release|Any CPU
		{43B4B814-EB4A-4A77-9269-DDE48B5BCA15}.Release|Any CPU.Build.0 = Release|Any CPU
	EndGlobalSection
	GlobalSection(SolutionProperties) = preSolution
		HideSolutionNode = FALSE
	EndGlobalSection
	GlobalSection(ExtensibilityGlobals) = postSolution
		SolutionGuid = {E6C6A19A-FEE2-466A-BD98-FA19CD787D42}
	EndGlobalSection
EndGlobal
