
Microsoft Visual Studio Solution File, Format Version 12.00
# Visual Studio Version 16
VisualStudioVersion = 16.0.809.1
MinimumVisualStudioVersion = 10.0.40219.1
Project("{FAE04EC0-301F-11D3-BF4B-00C04F79EFBC}") = "IPTreatmentOffering", "IPTreatmentOffering.csproj", "{5E653540-1645-4C5E-959C-51B226702FE8}"
EndProject
Global
	GlobalSection(SolutionConfigurationPlatforms) = preSolution
		Debug|Any CPU = Debug|Any CPU
		Release|Any CPU = Release|Any CPU
	EndGlobalSection
	GlobalSection(ProjectConfigurationPlatforms) = postSolution
		{5E653540-1645-4C5E-959C-51B226702FE8}.Debug|Any CPU.ActiveCfg = Debug|Any CPU
		{5E653540-1645-4C5E-959C-51B226702FE8}.Debug|Any CPU.Build.0 = Debug|Any CPU
		{5E653540-1645-4C5E-959C-51B226702FE8}.Release|Any CPU.ActiveCfg = Release|Any CPU
		{5E653540-1645-4C5E-959C-51B226702FE8}.Release|Any CPU.Build.0 = Release|Any CPU
	EndGlobalSection
	GlobalSection(SolutionProperties) = preSolution
		HideSolutionNode = FALSE
	EndGlobalSection
	GlobalSection(ExtensibilityGlobals) = postSolution
		SolutionGuid = {2D37799B-09FE-418E-9EB1-D8E8188EE808}
	EndGlobalSection
EndGlobal
